# This file is autogenerated, do not edit; changes may be undone by the next 'dep ensure'.


[[projects]]
  branch = "master"
  name = "github.com/mohan-maturi/wutil"
  packages = [".","util"]
  revision = "3bb6eaeb90099b838f2507ac7b96d96336a30edd"

[solve-meta]
  analyzer-name = "dep"
  analyzer-version = 1
  inputs-digest = "f7716bd426c9caa1aedb32f4c91f444c70cfe4e8c1e1109464c9a88faafbc53a"
  solver-name = "gps-cdcl"
  solver-version = 1
